// !$*UTF8*$!
{
	archiveVersion = 1;
	classes = {
	};
	objectVersion = 50;
	objects = {

/* Begin PBXBuildFile section */
		AE26C8C2208995C400D8E302 /* AppDelegate.swift in Sources */ = {isa = PBXBuildFile; fileRef = AE26C8C1208995C400D8E302 /* AppDelegate.swift */; };
		AE26C8C4208995C400D8E302 /* ViewController.swift in Sources */ = {isa = PBXBuildFile; fileRef = AE26C8C3208995C400D8E302 /* ViewController.swift */; };
		AE26C8C9208995C600D8E302 /* Assets.xcassets in Resources */ = {isa = PBXBuildFile; fileRef = AE26C8C8208995C600D8E302 /* Assets.xcassets */; };
		AE26C8CC208995C600D8E302 /* LaunchScreen.storyboard in Resources */ = {isa = PBXBuildFile; fileRef = AE26C8CA208995C600D8E302 /* LaunchScreen.storyboard */; };
		AE26C8D42089A63C00D8E302 /* SomeItem.xib in Resources */ = {isa = PBXBuildFile; fileRef = AE26C8D32089A63C00D8E302 /* SomeItem.xib */; };
		AE26C8D62089A6B000D8E302 /* SomeItemView.swift in Sources */ = {isa = PBXBuildFile; fileRef = AE26C8D52089A6B000D8E302 /* SomeItemView.swift */; };
		BA7B099C04CB305DD256C9D0 /* Pods_CollectionKitDemo.framework in Frameworks */ = {isa = PBXBuildFile; fileRef = B469FA28E7DDD2A8012A8F68 /* Pods_CollectionKitDemo.framework */; };
/* End PBXBuildFile section */

/* Begin PBXFileReference section */
		42D7CE6177ED049DBB1FA2E7 /* Pods-CollectionKitDemo.debug.xcconfig */ = {isa = PBXFileReference; includeInIndex = 1; lastKnownFileType = text.xcconfig; name = "Pods-CollectionKitDemo.debug.xcconfig"; path = "Pods/Target Support Files/Pods-CollectionKitDemo/Pods-CollectionKitDemo.debug.xcconfig"; sourceTree = "<group>"; };
		AE26C8BE208995C400D8E302 /* CollectionKitDemo.app */ = {isa = PBXFileReference; explicitFileType = wrapper.application; includeInIndex = 0; path = CollectionKitDemo.app; sourceTree = BUILT_PRODUCTS_DIR; };
		AE26C8C1208995C400D8E302 /* AppDelegate.swift */ = {isa = PBXFileReference; lastKnownFileType = sourcecode.swift; path = AppDelegate.swift; sourceTree = "<group>"; };
		AE26C8C3208995C400D8E302 /* ViewController.swift */ = {isa = PBXFileReference; lastKnownFileType = sourcecode.swift; path = ViewController.swift; sourceTree = "<group>"; };
		AE26C8C8208995C600D8E302 /* Assets.xcassets */ = {isa = PBXFileReference; lastKnownFileType = folder.assetcatalog; path = Assets.xcassets; sourceTree = "<group>"; };
		AE26C8CB208995C600D8E302 /* Base */ = {isa = PBXFileReference; lastKnownFileType = file.storyboard; name = Base; path = Base.lproj/LaunchScreen.storyboard; sourceTree = "<group>"; };
		AE26C8CD208995C600D8E302 /* Info.plist */ = {isa = PBXFileReference; lastKnownFileType = text.plist.xml; path = Info.plist; sourceTree = "<group>"; };
		AE26C8D32089A63C00D8E302 /* SomeItem.xib */ = {isa = PBXFileReference; lastKnownFileType = file.xib; path = SomeItem.xib; sourceTree = "<group>"; };
		AE26C8D52089A6B000D8E302 /* SomeItemView.swift */ = {isa = PBXFileReference; lastKnownFileType = sourcecode.swift; path = SomeItemView.swift; sourceTree = "<group>"; };
		B469FA28E7DDD2A8012A8F68 /* Pods_CollectionKitDemo.framework */ = {isa = PBXFileReference; explicitFileType = wrapper.framework; includeInIndex = 0; path = Pods_CollectionKitDemo.framework; sourceTree = BUILT_PRODUCTS_DIR; };
		B8CC393C1DB838CC250FE032 /* Pods-CollectionKitDemo.release.xcconfig */ = {isa = PBXFileReference; includeInIndex = 1; lastKnownFileType = text.xcconfig; name = "Pods-CollectionKitDemo.release.xcconfig"; path = "Pods/Target Support Files/Pods-CollectionKitDemo/Pods-CollectionKitDemo.release.xcconfig"; sourceTree = "<group>"; };
/* End PBXFileReference section */

/* Begin PBXFrameworksBuildPhase section */
		AE26C8BB208995C400D8E302 /* Frameworks */ = {
			isa = PBXFrameworksBuildPhase;
			buildActionMask = 2147483647;
			files = (
				BA7B099C04CB305DD256C9D0 /* Pods_CollectionKitDemo.framework in Frameworks */,
			);
			runOnlyForDeploymentPostprocessing = 0;
		};
/* End PBXFrameworksBuildPhase section */

/* Begin PBXGroup section */
		801F6F0704B29CE62A641444 /* Frameworks */ = {
			isa = PBXGroup;
			children = (
				B469FA28E7DDD2A8012A8F68 /* Pods_CollectionKitDemo.framework */,
			);
			name = Frameworks;
			sourceTree = "<group>";
		};
		AE26C8B5208995C400D8E302 = {
			isa = PBXGroup;
			children = (
				AE26C8C0208995C400D8E302 /* CollectionKitDemo */,
				AE26C8BF208995C400D8E302 /* Products */,
				D215A257EBDBCC270A8BA124 /* Pods */,
				801F6F0704B29CE62A641444 /* Frameworks */,
			);
			sourceTree = "<group>";
		};
		AE26C8BF208995C400D8E302 /* Products */ = {
			isa = PBXGroup;
			children = (
				AE26C8BE208995C400D8E302 /* CollectionKitDemo.app */,
			);
			name = Products;
			sourceTree = "<group>";
		};
		AE26C8C0208995C400D8E302 /* CollectionKitDemo */ = {
			isa = PBXGroup;
			children = (
				AE26C8C1208995C400D8E302 /* AppDelegate.swift */,
				AE26C8C3208995C400D8E302 /* ViewController.swift */,
				AE26C8C8208995C600D8E302 /* Assets.xcassets */,
				AE26C8CA208995C600D8E302 /* LaunchScreen.storyboard */,
				AE26C8CD208995C600D8E302 /* Info.plist */,
				AE26C8D32089A63C00D8E302 /* SomeItem.xib */,
				AE26C8D52089A6B000D8E302 /* SomeItemView.swift */,
			);
			path = CollectionKitDemo;
			sourceTree = "<group>";
		};
		D215A257EBDBCC270A8BA124 /* Pods */ = {
			isa = PBXGroup;
			children = (
				42D7CE6177ED049DBB1FA2E7 /* Pods-CollectionKitDemo.debug.xcconfig */,
				B8CC393C1DB838CC250FE032 /* Pods-CollectionKitDemo.release.xcconfig */,
			);
			name = Pods;
			sourceTree = "<group>";
		};
/* End PBXGroup section */

/* Begin PBXNativeTarget section */
		AE26C8BD208995C400D8E302 /* CollectionKitDemo */ = {
			isa = PBXNativeTarget;
			buildConfigurationList = AE26C8D0208995C600D8E302 /* Build configuration list for PBXNativeTarget "CollectionKitDemo" */;
			buildPhases = (
				781AFA2EB3048481A823F74C /* [CP] Check Pods Manifest.lock */,
				AE26C8BA208995C400D8E302 /* Sources */,
				AE26C8BB208995C400D8E302 /* Frameworks */,
				AE26C8BC208995C400D8E302 /* Resources */,
				42B4F770160999843B623C6B /* [CP] Embed Pods Frameworks */,
			);
			buildRules = (
			);
			dependencies = (
			);
			name = CollectionKitDemo;
			productName = CollectionKitDemo;
			productReference = AE26C8BE208995C400D8E302 /* CollectionKitDemo.app */;
			productType = "com.apple.product-type.application";
		};
/* End PBXNativeTarget section */

/* Begin PBXProject section */
		AE26C8B6208995C400D8E302 /* Project object */ = {
			isa = PBXProject;
			attributes = {
				LastSwiftUpdateCheck = 0930;
				LastUpgradeCheck = 0930;
				ORGANIZATIONNAME = test;
				TargetAttributes = {
					AE26C8BD208995C400D8E302 = {
						CreatedOnToolsVersion = 9.3;
					};
				};
			};
			buildConfigurationList = AE26C8B9208995C400D8E302 /* Build configuration list for PBXProject "CollectionKitDemo" */;
			compatibilityVersion = "Xcode 9.3";
			developmentRegion = en;
			hasScannedForEncodings = 0;
			knownRegions = (
				en,
				Base,
			);
			mainGroup = AE26C8B5208995C400D8E302;
			productRefGroup = AE26C8BF208995C400D8E302 /* Products */;
			projectDirPath = "";
			projectRoot = "";
			targets = (
				AE26C8BD208995C400D8E302 /* CollectionKitDemo */,
			);
		};
/* End PBXProject section */

/* Begin PBXResourcesBuildPhase section */
		AE26C8BC208995C400D8E302 /* Resources */ = {
			isa = PBXResourcesBuildPhase;
			buildActionMask = 2147483647;
			files = (
				AE26C8CC208995C600D8E302 /* LaunchScreen.storyboard in Resources */,
				AE26C8C9208995C600D8E302 /* Assets.xcassets in Resources */,
				AE26C8D42089A63C00D8E302 /* SomeItem.xib in Resources */,
			);
			runOnlyForDeploymentPostprocessing = 0;
		};
/* End PBXResourcesBuildPhase section */

/* Begin PBXShellScriptBuildPhase section */
		42B4F770160999843B623C6B /* [CP] Embed Pods Frameworks */ = {
			isa = PBXShellScriptBuildPhase;
			buildActionMask = 2147483647;
			files = (
			);
			inputPaths = (
				"${SRCROOT}/Pods/Target Support Files/Pods-CollectionKitDemo/Pods-CollectionKitDemo-frameworks.sh",
				"${BUILT_PRODUCTS_DIR}/CollectionKit/CollectionKit.framework",
			);
			name = "[CP] Embed Pods Frameworks";
			outputPaths = (
				"${TARGET_BUILD_DIR}/${FRAMEWORKS_FOLDER_PATH}/CollectionKit.framework",
			);
			runOnlyForDeploymentPostprocessing = 0;
			shellPath = /bin/sh;
			shellScript = "\"${SRCROOT}/Pods/Target Support Files/Pods-CollectionKitDemo/Pods-CollectionKitDemo-frameworks.sh\"\n";
			showEnvVarsInLog = 0;
		};
		781AFA2EB3048481A823F74C /* [CP] Check Pods Manifest.lock */ = {
			isa = PBXShellScriptBuildPhase;
			buildActionMask = 2147483647;
			files = (
			);
			inputPaths = (
				"${PODS_PODFILE_DIR_PATH}/Podfile.lock",
				"${PODS_ROOT}/Manifest.lock",
			);
			name = "[CP] Check Pods Manifest.lock";
			outputPaths = (
				"$(DERIVED_FILE_DIR)/Pods-CollectionKitDemo-checkManifestLockResult.txt",
			);
			runOnlyForDeploymentPostprocessing = 0;
			shellPath = /bin/sh;
			shellScript = "diff \"${PODS_PODFILE_DIR_PATH}/Podfile.lock\" \"${PODS_ROOT}/Manifest.lock\" > /dev/null\nif [ $? != 0 ] ; then\n    # print error to STDERR\n    echo \"error: The sandbox is not in sync with the Podfile.lock. Run 'pod install' or update your CocoaPods installation.\" >&2\n    exit 1\nfi\n# This output is used by Xcode 'outputs' to avoid re-running this script phase.\necho \"SUCCESS\" > \"${SCRIPT_OUTPUT_FILE_0}\"\n";
			showEnvVarsInLog = 0;
		};
/* End PBXShellScriptBuildPhase section */

/* Begin PBXSourcesBuildPhase section */
		AE26C8BA208995C400D8E302 /* Sources */ = {
			isa = PBXSourcesBuildPhase;
			buildActionMask = 2147483647;
			files = (
				AE26C8C4208995C400D8E302 /* ViewController.swift in Sources */,
				AE26C8D62089A6B000D8E302 /* SomeItemView.swift in Sources */,
				AE26C8C2208995C400D8E302 /* AppDelegate.swift in Sources */,
			);
			runOnlyForDeploymentPostprocessing = 0;
		};
/* End PBXSourcesBuildPhase section */

/* Begin PBXVariantGroup section */
		AE26C8CA208995C600D8E302 /* LaunchScreen.storyboard */ = {
			isa = PBXVariantGroup;
			children = (
				AE26C8CB208995C600D8E302 /* Base */,
			);
			name = LaunchScreen.storyboard;
			sourceTree = "<group>";
		};
/* End PBXVariantGroup section */

/* Begin XCBuildConfiguration section */
		AE26C8CE208995C600D8E302 /* Debug */ = {
			isa = XCBuildConfiguration;
			buildSettings = {
				ALWAYS_SEARCH_USER_PATHS = NO;
				CLANG_ANALYZER_NONNULL = YES;
				CLANG_ANALYZER_NUMBER_OBJECT_CONVERSION = YES_AGGRESSIVE;
				CLANG_CXX_LANGUAGE_STANDARD = "gnu++14";
				CLANG_CXX_LIBRARY = "libc++";
				CLANG_ENABLE_MODULES = YES;
				CLANG_ENABLE_OBJC_ARC = YES;
				CLANG_ENABLE_OBJC_WEAK = YES;
				CLANG_WARN_BLOCK_CAPTURE_AUTORELEASING = YES;
				CLANG_WARN_BOOL_CONVERSION = YES;
				CLANG_WARN_COMMA = YES;
				CLANG_WARN_CONSTANT_CONVERSION = YES;
				CLANG_WARN_DEPRECATED_OBJC_IMPLEMENTATIONS = YES;
				CLANG_WARN_DIRECT_OBJC_ISA_USAGE = YES_ERROR;
				CLANG_WARN_DOCUMENTATION_COMMENTS = YES;
				CLANG_WARN_EMPTY_BODY = YES;
				CLANG_WARN_ENUM_CONVERSION = YES;
				CLANG_WARN_INFINITE_RECURSION = YES;
				CLANG_WARN_INT_CONVERSION = YES;
				CLANG_WARN_NON_LITERAL_NULL_CONVERSION = YES;
				CLANG_WARN_OBJC_IMPLICIT_RETAIN_SELF = YES;
				CLANG_WARN_OBJC_LITERAL_CONVERSION = YES;
				CLANG_WARN_OBJC_ROOT_CLASS = YES_ERROR;
				CLANG_WARN_RANGE_LOOP_ANALYSIS = YES;
				CLANG_WARN_STRICT_PROTOTYPES = YES;
				CLANG_WARN_SUSPICIOUS_MOVE = YES;
				CLANG_WARN_UNGUARDED_AVAILABILITY = YES_AGGRESSIVE;
				CLANG_WARN_UNREACHABLE_CODE = YES;
				CLANG_WARN__DUPLICATE_METHOD_MATCH = YES;
				CODE_SIGN_IDENTITY = "iPhone Developer";
				COPY_PHASE_STRIP = NO;
				DEBUG_INFORMATION_FORMAT = dwarf;
				ENABLE_STRICT_OBJC_MSGSEND = YES;
				ENABLE_TESTABILITY = YES;
				GCC_C_LANGUAGE_STANDARD = gnu11;
				GCC_DYNAMIC_NO_PIC = NO;
				GCC_NO_COMMON_BLOCKS = YES;
				GCC_OPTIMIZATION_LEVEL = 0;
				GCC_PREPROCESSOR_DEFINITIONS = (
					"DEBUG=1",
					"$(inherited)",
				);
				GCC_WARN_64_TO_32_BIT_CONVERSION = YES;
				GCC_WARN_ABOUT_RETURN_TYPE = YES_ERROR;
				GCC_WARN_UNDECLARED_SELECTOR = YES;
				GCC_WARN_UNINITIALIZED_AUTOS = YES_AGGRESSIVE;
				GCC_WARN_UNUSED_FUNCTION = YES;
				GCC_WARN_UNUSED_VARIABLE = YES;
				IPHONEOS_DEPLOYMENT_TARGET = 11.3;
				MTL_ENABLE_DEBUG_INFO = YES;
				ONLY_ACTIVE_ARCH = YES;
				SDKROOT = iphoneos;
				SWIFT_ACTIVE_COMPILATION_CONDITIONS = DEBUG;
				SWIFT_OPTIMIZATION_LEVEL = "-Onone";
			};
			name = Debug;
		};
		AE26C8CF208995C600D8E302 /* Release */ = {
			isa = XCBuildConfiguration;
			buildSettings = {
				ALWAYS_SEARCH_USER_PATHS = NO;
				CLANG_ANALYZER_NONNULL = YES;
				CLANG_ANALYZER_NUMBER_OBJECT_CONVERSION = YES_AGGRESSIVE;
				CLANG_CXX_LANGUAGE_STANDARD = "gnu++14";
				CLANG_CXX_LIBRARY = "libc++";
				CLANG_ENABLE_MODULES = YES;
				CLANG_ENABLE_OBJC_ARC = YES;
				CLANG_ENABLE_OBJC_WEAK = YES;
				CLANG_WARN_BLOCK_CAPTURE_AUTORELEASING = YES;
				CLANG_WARN_BOOL_CONVERSION = YES;
				CLANG_WARN_COMMA = YES;
				CLANG_WARN_CONSTANT_CONVERSION = YES;
				CLANG_WARN_DEPRECATED_OBJC_IMPLEMENTATIONS = YES;
				CLANG_WARN_DIRECT_OBJC_ISA_USAGE = YES_ERROR;
				CLANG_WARN_DOCUMENTATION_COMMENTS = YES;
				CLANG_WARN_EMPTY_BODY = YES;
				CLANG_WARN_ENUM_CONVERSION = YES;
				CLANG_WARN_INFINITE_RECURSION = YES;
				CLANG_WARN_INT_CONVERSION = YES;
				CLANG_WARN_NON_LITERAL_NULL_CONVERSION = YES;
				CLANG_WARN_OBJC_IMPLICIT_RETAIN_SELF = YES;
				CLANG_WARN_OBJC_LITERAL_CONVERSION = YES;
				CLANG_WARN_OBJC_ROOT_CLASS = YES_ERROR;
				CLANG_WARN_RANGE_LOOP_ANALYSIS = YES;
				CLANG_WARN_STRICT_PROTOTYPES = YES;
				CLANG_WARN_SUSPICIOUS_MOVE = YES;
				CLANG_WARN_UNGUARDED_AVAILABILITY = YES_AGGRESSIVE;
				CLANG_WARN_UNREACHABLE_CODE = YES;
				CLANG_WARN__DUPLICATE_METHOD_MATCH = YES;
				CODE_SIGN_IDENTITY = "iPhone Developer";
				COPY_PHASE_STRIP = NO;
				DEBUG_INFORMATION_FORMAT = "dwarf-with-dsym";
				ENABLE_NS_ASSERTIONS = NO;
				ENABLE_STRICT_OBJC_MSGSEND = YES;
				GCC_C_LANGUAGE_STANDARD = gnu11;
				GCC_NO_COMMON_BLOCKS = YES;
				GCC_WARN_64_TO_32_BIT_CONVERSION = YES;
				GCC_WARN_ABOUT_RETURN_TYPE = YES_ERROR;
				GCC_WARN_UNDECLARED_SELECTOR = YES;
				GCC_WARN_UNINITIALIZED_AUTOS = YES_AGGRESSIVE;
				GCC_WARN_UNUSED_FUNCTION = YES;
				GCC_WARN_UNUSED_VARIABLE = YES;
				IPHONEOS_DEPLOYMENT_TARGET = 11.3;
				MTL_ENABLE_DEBUG_INFO = NO;
				SDKROOT = iphoneos;
				SWIFT_COMPILATION_MODE = wholemodule;
				SWIFT_OPTIMIZATION_LEVEL = "-O";
				VALIDATE_PRODUCT = YES;
			};
			name = Release;
		};
		AE26C8D1208995C600D8E302 /* Debug */ = {
			isa = XCBuildConfiguration;
			baseConfigurationReference = 42D7CE6177ED049DBB1FA2E7 /* Pods-CollectionKitDemo.debug.xcconfig */;
			buildSettings = {
				ASSETCATALOG_COMPILER_APPICON_NAME = AppIcon;
				CODE_SIGN_STYLE = Automatic;
				DEVELOPMENT_TEAM = 5626RLYT5T;
				INFOPLIST_FILE = CollectionKitDemo/Info.plist;
				IPHONEOS_DEPLOYMENT_TARGET = 10.0;
				LD_RUNPATH_SEARCH_PATHS = (
					"$(inherited)",
					"@executable_path/Frameworks",
				);
				PRODUCT_BUNDLE_IDENTIFIER = zayn.part.ios.test.CollectionKitDemo;
				PRODUCT_NAME = "$(TARGET_NAME)";
				SWIFT_VERSION = 4.0;
				TARGETED_DEVICE_FAMILY = "1,2";
			};
			name = Debug;
		};
		AE26C8D2208995C600D8E302 /* Release */ = {
			isa = XCBuildConfiguration;
			baseConfigurationReference = B8CC393C1DB838CC250FE032 /* Pods-CollectionKitDemo.release.xcconfig */;
			buildSettings = {
				ASSETCATALOG_COMPILER_APPICON_NAME = AppIcon;
				CODE_SIGN_STYLE = Automatic;
				DEVELOPMENT_TEAM = 5626RLYT5T;
				INFOPLIST_FILE = CollectionKitDemo/Info.plist;
				IPHONEOS_DEPLOYMENT_TARGET = 10.0;
				LD_RUNPATH_SEARCH_PATHS = (
					"$(inherited)",
					"@executable_path/Frameworks",
				);
				PRODUCT_BUNDLE_IDENTIFIER = zayn.part.ios.test.CollectionKitDemo;
				PRODUCT_NAME = "$(TARGET_NAME)";
				SWIFT_VERSION = 4.0;
				TARGETED_DEVICE_FAMILY = "1,2";
			};
			name = Release;
		};
/* End XCBuildConfiguration section */

/* Begin XCConfigurationList section */
		AE26C8B9208995C400D8E302 /* Build configuration list for PBXProject "CollectionKitDemo" */ = {
			isa = XCConfigurationList;
			buildConfigurations = (
				AE26C8CE208995C600D8E302 /* Debug */,
				AE26C8CF208995C600D8E302 /* Release */,
			);
			defaultConfigurationIsVisible = 0;
			defaultConfigurationName = Release;
		};
		AE26C8D0208995C600D8E302 /* Build configuration list for PBXNativeTarget "CollectionKitDemo" */ = {
			isa = XCConfigurationList;
			buildConfigurations = (
				AE26C8D1208995C600D8E302 /* Debug */,
				AE26C8D2208995C600D8E302 /* Release */,
			);
			defaultConfigurationIsVisible = 0;
			defaultConfigurationName = Release;
		};
/* End XCConfigurationList section */
	};
	rootObject = AE26C8B6208995C400D8E302 /* Project object */;
}
